
Microsoft Visual Studio Solution File, Format Version 12.00
# Visual Studio Version 17
VisualStudioVersion = 17.5.33516.290
MinimumVisualStudioVersion = 10.0.40219.1
Project("{2150E333-8FDC-42A3-9474-1A3956D46DE8}") = "src", "src", "{A01953AB-166C-4824-A6B2-BEAFECF57001}"
EndProject
Project("{2150E333-8FDC-42A3-9474-1A3956D46DE8}") = "UI", "UI", "{2E9D2D8E-78C8-4E57-AD8D-9E5AFEC57F00}"
EndProject
Project("{2150E333-8FDC-42A3-9474-1A3956D46DE8}") = "API", "API", "{8A37D5C1-3E91-43D3-9453-6E17FE2929A5}"
EndProject
Project("{2150E333-8FDC-42A3-9474-1A3956D46DE8}") = "Core", "Core", "{EC924FC0-353B-44B8-8D3C-1F4A2328A38D}"
EndProject
Project("{2150E333-8FDC-42A3-9474-1A3956D46DE8}") = "Infrastructure", "Infrastructure", "{31D1EDBF-9485-400D-986C-3A51C0BCD8AD}"
EndProject
Project("{2150E333-8FDC-42A3-9474-1A3956D46DE8}") = "test", "test", "{6F41BD21-FE7D-49D1-8597-55017ECC2987}"
EndProject
Project("{9A19103F-16F7-4668-BE54-9A1E7A4F7556}") = "HR.LeaveManagement.Domain", "HR.LeaveManagement.Domain\HR.LeaveManagement.Domain.csproj", "{66440847-3C67-4F68-9AD8-6AA20F422099}"
EndProject
Project("{9A19103F-16F7-4668-BE54-9A1E7A4F7556}") = "HR.LeaveManagement.Application", "HR.LeaveManagement.Application\HR.LeaveManagement.Application.csproj", "{8B97B7CB-3E22-49BC-9310-B606454FCE2D}"
EndProject
Project("{9A19103F-16F7-4668-BE54-9A1E7A4F7556}") = "HR.LeaveManagement.Persistence", "HR.LeaveManagement.Persistence\HR.LeaveManagement.Persistence.csproj", "{9BB612E5-E33C-4325-B027-710554F0D18C}"
EndProject
Project("{9A19103F-16F7-4668-BE54-9A1E7A4F7556}") = "HR.LeaveManagement.Infrastructure", "HR.LeaveManagement.Infrastructure\HR.LeaveManagement.Infrastructure.csproj", "{2390AA80-9151-4CAE-ACC8-1EB022FC04C2}"
EndProject
Project("{9A19103F-16F7-4668-BE54-9A1E7A4F7556}") = "HR.LeaveManagement.Api", "HR.LeaveManagement.Api\HR.LeaveManagement.Api.csproj", "{BFF85784-5359-4833-A4E8-0F2AE9432F43}"
EndProject
Project("{9A19103F-16F7-4668-BE54-9A1E7A4F7556}") = "HR.LeaveManagement.Application.UnitTests", "HR.LeaveManagement.Application.UnitTests\HR.LeaveManagement.Application.UnitTests.csproj", "{ED027E94-7E36-458E-A642-CF1F6D64D489}"
EndProject
Project("{9A19103F-16F7-4668-BE54-9A1E7A4F7556}") = "HR.LeaveManagement.Persistence.IntegrationTests", "HR.LeaveManagement.Persistence.IntegrationTests\HR.LeaveManagement.Persistence.IntegrationTests.csproj", "{DA0CD590-632F-4A73-B977-6F7B9E4386CE}"
EndProject
Project("{9A19103F-16F7-4668-BE54-9A1E7A4F7556}") = "HR.LeaveManagement.BlazorUI", "HR.LeaveManagement.BlazorUI\HR.LeaveManagement.BlazorUI.csproj", "{E70305AF-26B2-4077-9D33-DAC09CD58308}"
EndProject
Project("{9A19103F-16F7-4668-BE54-9A1E7A4F7556}") = "HR.LeaveManagement.Identity", "HR.LeaveManagement.Identity\HR.LeaveManagement.Identity.csproj", "{E72D719B-4E1C-4669-98D9-A9E25EA3C749}"
EndProject
Global
	GlobalSection(SolutionConfigurationPlatforms) = preSolution
		Debug|Any CPU = Debug|Any CPU
		Release|Any CPU = Release|Any CPU
	EndGlobalSection
	GlobalSection(ProjectConfigurationPlatforms) = postSolution
		{66440847-3C67-4F68-9AD8-6AA20F422099}.Debug|Any CPU.ActiveCfg = Debug|Any CPU
		{66440847-3C67-4F68-9AD8-6AA20F422099}.Debug|Any CPU.Build.0 = Debug|Any CPU
		{66440847-3C67-4F68-9AD8-6AA20F422099}.Release|Any CPU.ActiveCfg = Release|Any CPU
		{66440847-3C67-4F68-9AD8-6AA20F422099}.Release|Any CPU.Build.0 = Release|Any CPU
		{8B97B7CB-3E22-49BC-9310-B606454FCE2D}.Debug|Any CPU.ActiveCfg = Debug|Any CPU
		{8B97B7CB-3E22-49BC-9310-B606454FCE2D}.Debug|Any CPU.Build.0 = Debug|Any CPU
		{8B97B7CB-3E22-49BC-9310-B606454FCE2D}.Release|Any CPU.ActiveCfg = Release|Any CPU
		{8B97B7CB-3E22-49BC-9310-B606454FCE2D}.Release|Any CPU.Build.0 = Release|Any CPU
		{9BB612E5-E33C-4325-B027-710554F0D18C}.Debug|Any CPU.ActiveCfg = Debug|Any CPU
		{9BB612E5-E33C-4325-B027-710554F0D18C}.Debug|Any CPU.Build.0 = Debug|Any CPU
		{9BB612E5-E33C-4325-B027-710554F0D18C}.Release|Any CPU.ActiveCfg = Release|Any CPU
		{9BB612E5-E33C-4325-B027-710554F0D18C}.Release|Any CPU.Build.0 = Release|Any CPU
		{2390AA80-9151-4CAE-ACC8-1EB022FC04C2}.Debug|Any CPU.ActiveCfg = Debug|Any CPU
		{2390AA80-9151-4CAE-ACC8-1EB022FC04C2}.Debug|Any CPU.Build.0 = Debug|Any CPU
		{2390AA80-9151-4CAE-ACC8-1EB022FC04C2}.Release|Any CPU.ActiveCfg = Release|Any CPU
		{2390AA80-9151-4CAE-ACC8-1EB022FC04C2}.Release|Any CPU.Build.0 = Release|Any CPU
		{BFF85784-5359-4833-A4E8-0F2AE9432F43}.Debug|Any CPU.ActiveCfg = Debug|Any CPU
		{BFF85784-5359-4833-A4E8-0F2AE9432F43}.Debug|Any CPU.Build.0 = Debug|Any CPU
		{BFF85784-5359-4833-A4E8-0F2AE9432F43}.Release|Any CPU.ActiveCfg = Release|Any CPU
		{BFF85784-5359-4833-A4E8-0F2AE9432F43}.Release|Any CPU.Build.0 = Release|Any CPU
		{ED027E94-7E36-458E-A642-CF1F6D64D489}.Debug|Any CPU.ActiveCfg = Debug|Any CPU
		{ED027E94-7E36-458E-A642-CF1F6D64D489}.Debug|Any CPU.Build.0 = Debug|Any CPU
		{ED027E94-7E36-458E-A642-CF1F6D64D489}.Release|Any CPU.ActiveCfg = Release|Any CPU
		{ED027E94-7E36-458E-A642-CF1F6D64D489}.Release|Any CPU.Build.0 = Release|Any CPU
		{DA0CD590-632F-4A73-B977-6F7B9E4386CE}.Debug|Any CPU.ActiveCfg = Debug|Any CPU
		{DA0CD590-632F-4A73-B977-6F7B9E4386CE}.Debug|Any CPU.Build.0 = Debug|Any CPU
		{DA0CD590-632F-4A73-B977-6F7B9E4386CE}.Release|Any CPU.ActiveCfg = Release|Any CPU
		{DA0CD590-632F-4A73-B977-6F7B9E4386CE}.Release|Any CPU.Build.0 = Release|Any CPU
		{E70305AF-26B2-4077-9D33-DAC09CD58308}.Debug|Any CPU.ActiveCfg = Debug|Any CPU
		{E70305AF-26B2-4077-9D33-DAC09CD58308}.Debug|Any CPU.Build.0 = Debug|Any CPU
		{E70305AF-26B2-4077-9D33-DAC09CD58308}.Release|Any CPU.ActiveCfg = Release|Any CPU
		{E70305AF-26B2-4077-9D33-DAC09CD58308}.Release|Any CPU.Build.0 = Release|Any CPU
		{E72D719B-4E1C-4669-98D9-A9E25EA3C749}.Debug|Any CPU.ActiveCfg = Debug|Any CPU
		{E72D719B-4E1C-4669-98D9-A9E25EA3C749}.Debug|Any CPU.Build.0 = Debug|Any CPU
		{E72D719B-4E1C-4669-98D9-A9E25EA3C749}.Release|Any CPU.ActiveCfg = Release|Any CPU
		{E72D719B-4E1C-4669-98D9-A9E25EA3C749}.Release|Any CPU.Build.0 = Release|Any CPU
	EndGlobalSection
	GlobalSection(SolutionProperties) = preSolution
		HideSolutionNode = FALSE
	EndGlobalSection
	GlobalSection(NestedProjects) = preSolution
		{2E9D2D8E-78C8-4E57-AD8D-9E5AFEC57F00} = {A01953AB-166C-4824-A6B2-BEAFECF57001}
		{8A37D5C1-3E91-43D3-9453-6E17FE2929A5} = {A01953AB-166C-4824-A6B2-BEAFECF57001}
		{EC924FC0-353B-44B8-8D3C-1F4A2328A38D} = {A01953AB-166C-4824-A6B2-BEAFECF57001}
		{31D1EDBF-9485-400D-986C-3A51C0BCD8AD} = {A01953AB-166C-4824-A6B2-BEAFECF57001}
		{66440847-3C67-4F68-9AD8-6AA20F422099} = {EC924FC0-353B-44B8-8D3C-1F4A2328A38D}
		{8B97B7CB-3E22-49BC-9310-B606454FCE2D} = {EC924FC0-353B-44B8-8D3C-1F4A2328A38D}
		{9BB612E5-E33C-4325-B027-710554F0D18C} = {31D1EDBF-9485-400D-986C-3A51C0BCD8AD}
		{2390AA80-9151-4CAE-ACC8-1EB022FC04C2} = {31D1EDBF-9485-400D-986C-3A51C0BCD8AD}
		{BFF85784-5359-4833-A4E8-0F2AE9432F43} = {8A37D5C1-3E91-43D3-9453-6E17FE2929A5}
		{ED027E94-7E36-458E-A642-CF1F6D64D489} = {6F41BD21-FE7D-49D1-8597-55017ECC2987}
		{DA0CD590-632F-4A73-B977-6F7B9E4386CE} = {6F41BD21-FE7D-49D1-8597-55017ECC2987}
		{E70305AF-26B2-4077-9D33-DAC09CD58308} = {2E9D2D8E-78C8-4E57-AD8D-9E5AFEC57F00}
		{E72D719B-4E1C-4669-98D9-A9E25EA3C749} = {31D1EDBF-9485-400D-986C-3A51C0BCD8AD}
	EndGlobalSection
	GlobalSection(ExtensibilityGlobals) = postSolution
		SolutionGuid = {76EC7258-B667-46EE-99B7-507B0CA09909}
	EndGlobalSection
EndGlobal
